
Microsoft Visual Studio Solution File, Format Version 12.00
# Visual Studio Version 17
VisualStudioVersion = 17.0.32112.339
MinimumVisualStudioVersion = 10.0.40219.1
Project("{8BC9CEB8-8B4A-11D0-8D11-00A0C91BC942}") = "FSDWrite", "FSTWrite.vcxproj", "{0883454A-5F0F-4D3C-ACCD-47B4DA7E73FB}"
EndProject
Project("{8BC9CEB8-8B4A-11D0-8D11-00A0C91BC942}") = "FSDRead", "..\FSDRead\FSDRead.vcxproj", "{A3FDA38E-B05E-4F5A-A90B-D95587F7457C}"
EndProject
Project("{54435603-DBB4-11D2-8724-00A0C9A8B90C}") = "FSDTools", "..\FSDTools\FSDTools.vdproj", "{5289EFBE-82AE-498B-9EFF-6EB4E5BC30BD}"
EndProject
Global
	GlobalSection(SolutionConfigurationPlatforms) = preSolution
		Debug|x64 = Debug|x64
		Debug|x86 = Debug|x86
		Release|x64 = Release|x64
		Release|x86 = Release|x86
	EndGlobalSection
	GlobalSection(ProjectConfigurationPlatforms) = postSolution
		{0883454A-5F0F-4D3C-ACCD-47B4DA7E73FB}.Debug|x64.ActiveCfg = Debug|x64
		{0883454A-5F0F-4D3C-ACCD-47B4DA7E73FB}.Debug|x64.Build.0 = Debug|x64
		{0883454A-5F0F-4D3C-ACCD-47B4DA7E73FB}.Debug|x86.ActiveCfg = Debug|Win32
		{0883454A-5F0F-4D3C-ACCD-47B4DA7E73FB}.Debug|x86.Build.0 = Debug|Win32
		{0883454A-5F0F-4D3C-ACCD-47B4DA7E73FB}.Release|x64.ActiveCfg = Release|x64
		{0883454A-5F0F-4D3C-ACCD-47B4DA7E73FB}.Release|x64.Build.0 = Release|x64
		{0883454A-5F0F-4D3C-ACCD-47B4DA7E73FB}.Release|x86.ActiveCfg = Release|Win32
		{0883454A-5F0F-4D3C-ACCD-47B4DA7E73FB}.Release|x86.Build.0 = Release|Win32
		{A3FDA38E-B05E-4F5A-A90B-D95587F7457C}.Debug|x64.ActiveCfg = Debug|x64
		{A3FDA38E-B05E-4F5A-A90B-D95587F7457C}.Debug|x64.Build.0 = Debug|x64
		{A3FDA38E-B05E-4F5A-A90B-D95587F7457C}.Debug|x86.ActiveCfg = Debug|Win32
		{A3FDA38E-B05E-4F5A-A90B-D95587F7457C}.Debug|x86.Build.0 = Debug|Win32
		{A3FDA38E-B05E-4F5A-A90B-D95587F7457C}.Release|x64.ActiveCfg = Release|x64
		{A3FDA38E-B05E-4F5A-A90B-D95587F7457C}.Release|x64.Build.0 = Release|x64
		{A3FDA38E-B05E-4F5A-A90B-D95587F7457C}.Release|x86.ActiveCfg = Release|Win32
		{A3FDA38E-B05E-4F5A-A90B-D95587F7457C}.Release|x86.Build.0 = Release|Win32
		{5289EFBE-82AE-498B-9EFF-6EB4E5BC30BD}.Debug|x64.ActiveCfg = Debug
		{5289EFBE-82AE-498B-9EFF-6EB4E5BC30BD}.Debug|x86.ActiveCfg = Debug
		{5289EFBE-82AE-498B-9EFF-6EB4E5BC30BD}.Release|x64.ActiveCfg = Release
		{5289EFBE-82AE-498B-9EFF-6EB4E5BC30BD}.Release|x86.ActiveCfg = Release
	EndGlobalSection
	GlobalSection(SolutionProperties) = preSolution
		HideSolutionNode = FALSE
	EndGlobalSection
	GlobalSection(ExtensibilityGlobals) = postSolution
		SolutionGuid = {8855D7CE-B22F-4776-87A4-31CE419B4349}
	EndGlobalSection
EndGlobal
